// !$*UTF8*$!
{
	archiveVersion = 1;
	classes = {
	};
	objectVersion = 55;
	objects = {

/* Begin PBXBuildFile section */
		CC3E051228EF638C00601DD9 /* HackerNewsAppApp.swift in Sources */ = {isa = PBXBuildFile; fileRef = CC3E051128EF638C00601DD9 /* HackerNewsAppApp.swift */; };
		CC3E051428EF638C00601DD9 /* ContentView.swift in Sources */ = {isa = PBXBuildFile; fileRef = CC3E051328EF638C00601DD9 /* ContentView.swift */; };
		CC3E051628EF638D00601DD9 /* Assets.xcassets in Resources */ = {isa = PBXBuildFile; fileRef = CC3E051528EF638D00601DD9 /* Assets.xcassets */; };
		CC3E051928EF638D00601DD9 /* Preview Assets.xcassets in Resources */ = {isa = PBXBuildFile; fileRef = CC3E051828EF638D00601DD9 /* Preview Assets.xcassets */; };
		CC3E052128EF641700601DD9 /* HNItem.swift in Sources */ = {isa = PBXBuildFile; fileRef = CC3E052028EF641700601DD9 /* HNItem.swift */; };
		CC3E053328EF685900601DD9 /* HNUser.swift in Sources */ = {isa = PBXBuildFile; fileRef = CC3E053228EF685900601DD9 /* HNUser.swift */; };
		CC3E053928EF6A2000601DD9 /* MockHNDataProvider.swift in Sources */ = {isa = PBXBuildFile; fileRef = CC3E053828EF6A2000601DD9 /* MockHNDataProvider.swift */; };
		CC3E053B28EF6A2B00601DD9 /* HNDataProvider.swift in Sources */ = {isa = PBXBuildFile; fileRef = CC3E053A28EF6A2B00601DD9 /* HNDataProvider.swift */; };
		CC3E053E28EF6F6A00601DD9 /* HNMainViewModel.swift in Sources */ = {isa = PBXBuildFile; fileRef = CC3E053D28EF6F6A00601DD9 /* HNMainViewModel.swift */; };
		CC3E054028EF78C300601DD9 /* HNStoryCell.swift in Sources */ = {isa = PBXBuildFile; fileRef = CC3E053F28EF78C300601DD9 /* HNStoryCell.swift */; };
		CC3E054428EF7D9200601DD9 /* HNRowViewModel.swift in Sources */ = {isa = PBXBuildFile; fileRef = CC3E054328EF7D9200601DD9 /* HNRowViewModel.swift */; };
		CC3E054628F24A2D00601DD9 /* HNUserCell.swift in Sources */ = {isa = PBXBuildFile; fileRef = CC3E054528F24A2D00601DD9 /* HNUserCell.swift */; };
		CC3E054828F252CA00601DD9 /* UsersView.swift in Sources */ = {isa = PBXBuildFile; fileRef = CC3E054728F252CA00601DD9 /* UsersView.swift */; };
		CC3E054A28F3404800601DD9 /* LoadableStatus.swift in Sources */ = {isa = PBXBuildFile; fileRef = CC3E054928F3404800601DD9 /* LoadableStatus.swift */; };
		CC3E054C28F343EA00601DD9 /* NewStoriesView.swift in Sources */ = {isa = PBXBuildFile; fileRef = CC3E054B28F343EA00601DD9 /* NewStoriesView.swift */; };
		CC3E054E28F3441700601DD9 /* TopStoriesView.swift in Sources */ = {isa = PBXBuildFile; fileRef = CC3E054D28F3441700601DD9 /* TopStoriesView.swift */; };
		CC3E055028F3446900601DD9 /* HNDataProviderTests.swift in Sources */ = {isa = PBXBuildFile; fileRef = CC3E054F28F3446900601DD9 /* HNDataProviderTests.swift */; };
		CC3E055428F3519200601DD9 /* README in Resources */ = {isa = PBXBuildFile; fileRef = CC3E055328F3519200601DD9 /* README */; };
		CC3E055628F3581000601DD9 /* BaseJsonDataProvider.swift in Sources */ = {isa = PBXBuildFile; fileRef = CC3E055528F3581000601DD9 /* BaseJsonDataProvider.swift */; };
		CC3E055828F3583000601DD9 /* DataProviderInterfaces.swift in Sources */ = {isa = PBXBuildFile; fileRef = CC3E055728F3583000601DD9 /* DataProviderInterfaces.swift */; };
		CCB0E8B028F7022600B549D1 /* HNItemTests.swift in Sources */ = {isa = PBXBuildFile; fileRef = CCB0E8AF28F7022600B549D1 /* HNItemTests.swift */; };
		CCB0E8B228F7022E00B549D1 /* HNUserTests.swift in Sources */ = {isa = PBXBuildFile; fileRef = CCB0E8B128F7022E00B549D1 /* HNUserTests.swift */; };
		CCB0E8D128F73B9B00B549D1 /* WebView.swift in Sources */ = {isa = PBXBuildFile; fileRef = CCB0E8D028F73B9B00B549D1 /* WebView.swift */; };
/* End PBXBuildFile section */

/* Begin PBXContainerItemProxy section */
		CC3E052C28EF659E00601DD9 /* PBXContainerItemProxy */ = {
			isa = PBXContainerItemProxy;
			containerPortal = CC3E050628EF638C00601DD9 /* Project object */;
			proxyType = 1;
			remoteGlobalIDString = CC3E050D28EF638C00601DD9;
			remoteInfo = HackerNewsApp;
		};
/* End PBXContainerItemProxy section */

/* Begin PBXFileReference section */
		CC3E050E28EF638C00601DD9 /* HackerNewsApp.app */ = {isa = PBXFileReference; explicitFileType = wrapper.application; includeInIndex = 0; path = HackerNewsApp.app; sourceTree = BUILT_PRODUCTS_DIR; };
		CC3E051128EF638C00601DD9 /* HackerNewsAppApp.swift */ = {isa = PBXFileReference; lastKnownFileType = sourcecode.swift; path = HackerNewsAppApp.swift; sourceTree = "<group>"; };
		CC3E051328EF638C00601DD9 /* ContentView.swift */ = {isa = PBXFileReference; lastKnownFileType = sourcecode.swift; path = ContentView.swift; sourceTree = "<group>"; };
		CC3E051528EF638D00601DD9 /* Assets.xcassets */ = {isa = PBXFileReference; lastKnownFileType = folder.assetcatalog; path = Assets.xcassets; sourceTree = "<group>"; };
		CC3E051828EF638D00601DD9 /* Preview Assets.xcassets */ = {isa = PBXFileReference; lastKnownFileType = folder.assetcatalog; path = "Preview Assets.xcassets"; sourceTree = "<group>"; };
		CC3E052028EF641700601DD9 /* HNItem.swift */ = {isa = PBXFileReference; lastKnownFileType = sourcecode.swift; path = HNItem.swift; sourceTree = "<group>"; };
		CC3E052828EF659E00601DD9 /* HackerNewsAppTests.xctest */ = {isa = PBXFileReference; explicitFileType = wrapper.cfbundle; includeInIndex = 0; path = HackerNewsAppTests.xctest; sourceTree = BUILT_PRODUCTS_DIR; };
		CC3E053228EF685900601DD9 /* HNUser.swift */ = {isa = PBXFileReference; lastKnownFileType = sourcecode.swift; path = HNUser.swift; sourceTree = "<group>"; };
		CC3E053828EF6A2000601DD9 /* MockHNDataProvider.swift */ = {isa = PBXFileReference; lastKnownFileType = sourcecode.swift; path = MockHNDataProvider.swift; sourceTree = "<group>"; };
		CC3E053A28EF6A2B00601DD9 /* HNDataProvider.swift */ = {isa = PBXFileReference; lastKnownFileType = sourcecode.swift; path = HNDataProvider.swift; sourceTree = "<group>"; };
		CC3E053D28EF6F6A00601DD9 /* HNMainViewModel.swift */ = {isa = PBXFileReference; lastKnownFileType = sourcecode.swift; path = HNMainViewModel.swift; sourceTree = "<group>"; };
		CC3E053F28EF78C300601DD9 /* HNStoryCell.swift */ = {isa = PBXFileReference; lastKnownFileType = sourcecode.swift; path = HNStoryCell.swift; sourceTree = "<group>"; };
		CC3E054328EF7D9200601DD9 /* HNRowViewModel.swift */ = {isa = PBXFileReference; lastKnownFileType = sourcecode.swift; path = HNRowViewModel.swift; sourceTree = "<group>"; };
		CC3E054528F24A2D00601DD9 /* HNUserCell.swift */ = {isa = PBXFileReference; lastKnownFileType = sourcecode.swift; path = HNUserCell.swift; sourceTree = "<group>"; };
		CC3E054728F252CA00601DD9 /* UsersView.swift */ = {isa = PBXFileReference; lastKnownFileType = sourcecode.swift; path = UsersView.swift; sourceTree = "<group>"; };
		CC3E054928F3404800601DD9 /* LoadableStatus.swift */ = {isa = PBXFileReference; lastKnownFileType = sourcecode.swift; path = LoadableStatus.swift; sourceTree = "<group>"; };
		CC3E054B28F343EA00601DD9 /* NewStoriesView.swift */ = {isa = PBXFileReference; lastKnownFileType = sourcecode.swift; path = NewStoriesView.swift; sourceTree = "<group>"; };
		CC3E054D28F3441700601DD9 /* TopStoriesView.swift */ = {isa = PBXFileReference; lastKnownFileType = sourcecode.swift; path = TopStoriesView.swift; sourceTree = "<group>"; };
		CC3E054F28F3446900601DD9 /* HNDataProviderTests.swift */ = {isa = PBXFileReference; lastKnownFileType = sourcecode.swift; path = HNDataProviderTests.swift; sourceTree = "<group>"; };
		CC3E055328F3519200601DD9 /* README */ = {isa = PBXFileReference; lastKnownFileType = text; path = README; sourceTree = "<group>"; };
		CC3E055528F3581000601DD9 /* BaseJsonDataProvider.swift */ = {isa = PBXFileReference; lastKnownFileType = sourcecode.swift; path = BaseJsonDataProvider.swift; sourceTree = "<group>"; };
		CC3E055728F3583000601DD9 /* DataProviderInterfaces.swift */ = {isa = PBXFileReference; lastKnownFileType = sourcecode.swift; path = DataProviderInterfaces.swift; sourceTree = "<group>"; };
		CCB0E8AF28F7022600B549D1 /* HNItemTests.swift */ = {isa = PBXFileReference; lastKnownFileType = sourcecode.swift; path = HNItemTests.swift; sourceTree = "<group>"; };
		CCB0E8B128F7022E00B549D1 /* HNUserTests.swift */ = {isa = PBXFileReference; lastKnownFileType = sourcecode.swift; path = HNUserTests.swift; sourceTree = "<group>"; };
		CCB0E8B328F7053800B549D1 /* TODO.md */ = {isa = PBXFileReference; lastKnownFileType = net.daringfireball.markdown; path = TODO.md; sourceTree = "<group>"; };
		CCB0E8D028F73B9B00B549D1 /* WebView.swift */ = {isa = PBXFileReference; lastKnownFileType = sourcecode.swift; path = WebView.swift; sourceTree = "<group>"; };
/* End PBXFileReference section */

/* Begin PBXFrameworksBuildPhase section */
		CC3E050B28EF638C00601DD9 /* Frameworks */ = {
			isa = PBXFrameworksBuildPhase;
			buildActionMask = 2147483647;
			files = (
			);
			runOnlyForDeploymentPostprocessing = 0;
		};
		CC3E052528EF659E00601DD9 /* Frameworks */ = {
			isa = PBXFrameworksBuildPhase;
			buildActionMask = 2147483647;
			files = (
			);
			runOnlyForDeploymentPostprocessing = 0;
		};
/* End PBXFrameworksBuildPhase section */

/* Begin PBXGroup section */
		CC3E050528EF638C00601DD9 = {
			isa = PBXGroup;
			children = (
				CC3E055328F3519200601DD9 /* README */,
				CCB0E8B328F7053800B549D1 /* TODO.md */,
				CC3E051128EF638C00601DD9 /* HackerNewsAppApp.swift */,
				CC3E051328EF638C00601DD9 /* ContentView.swift */,
				CC3E051028EF638C00601DD9 /* HackerNewsApp */,
				CC3E052928EF659E00601DD9 /* HackerNewsAppTests */,
				CC3E050F28EF638C00601DD9 /* Products */,
			);
			sourceTree = "<group>";
		};
		CC3E050F28EF638C00601DD9 /* Products */ = {
			isa = PBXGroup;
			children = (
				CC3E050E28EF638C00601DD9 /* HackerNewsApp.app */,
				CC3E052828EF659E00601DD9 /* HackerNewsAppTests.xctest */,
			);
			name = Products;
			sourceTree = "<group>";
		};
		CC3E051028EF638C00601DD9 /* HackerNewsApp */ = {
			isa = PBXGroup;
			children = (
				CC3E053428EF69D400601DD9 /* UI */,
				CC3E053C28EF6F3800601DD9 /* ViewModel */,
				CC3E053528EF69E600601DD9 /* DataProvider */,
				CC3E051F28EF639D00601DD9 /* Model */,
				CC3E051528EF638D00601DD9 /* Assets.xcassets */,
				CC3E051728EF638D00601DD9 /* Preview Content */,
			);
			path = HackerNewsApp;
			sourceTree = "<group>";
		};
		CC3E051728EF638D00601DD9 /* Preview Content */ = {
			isa = PBXGroup;
			children = (
				CC3E051828EF638D00601DD9 /* Preview Assets.xcassets */,
			);
			path = "Preview Content";
			sourceTree = "<group>";
		};
		CC3E051F28EF639D00601DD9 /* Model */ = {
			isa = PBXGroup;
			children = (
				CC3E052028EF641700601DD9 /* HNItem.swift */,
				CC3E053228EF685900601DD9 /* HNUser.swift */,
			);
			path = Model;
			sourceTree = "<group>";
		};
		CC3E052928EF659E00601DD9 /* HackerNewsAppTests */ = {
			isa = PBXGroup;
			children = (
				CC3E054F28F3446900601DD9 /* HNDataProviderTests.swift */,
				CCB0E8AF28F7022600B549D1 /* HNItemTests.swift */,
				CCB0E8B128F7022E00B549D1 /* HNUserTests.swift */,
			);
			path = HackerNewsAppTests;
			sourceTree = "<group>";
		};
		CC3E053428EF69D400601DD9 /* UI */ = {
			isa = PBXGroup;
			children = (
				CC3E055128F3457F00601DD9 /* Tabs */,
				CC3E055228F3459200601DD9 /* Cells */,
				CCB0E8D028F73B9B00B549D1 /* WebView.swift */,
			);
			path = UI;
			sourceTree = "<group>";
		};
		CC3E053528EF69E600601DD9 /* DataProvider */ = {
			isa = PBXGroup;
			children = (
				CC3E053A28EF6A2B00601DD9 /* HNDataProvider.swift */,
				CC3E053828EF6A2000601DD9 /* MockHNDataProvider.swift */,
				CC3E055928F3584200601DD9 /* Helpers */,
			);
			path = DataProvider;
			sourceTree = "<group>";
		};
		CC3E053C28EF6F3800601DD9 /* ViewModel */ = {
			isa = PBXGroup;
			children = (
				CC3E053D28EF6F6A00601DD9 /* HNMainViewModel.swift */,
				CC3E054328EF7D9200601DD9 /* HNRowViewModel.swift */,
				CC3E055A28F3585300601DD9 /* Helpers */,
			);
			path = ViewModel;
			sourceTree = "<group>";
		};
		CC3E055128F3457F00601DD9 /* Tabs */ = {
			isa = PBXGroup;
			children = (
				CC3E054B28F343EA00601DD9 /* NewStoriesView.swift */,
				CC3E054D28F3441700601DD9 /* TopStoriesView.swift */,
				CC3E054728F252CA00601DD9 /* UsersView.swift */,
			);
			path = Tabs;
			sourceTree = "<group>";
		};
		CC3E055228F3459200601DD9 /* Cells */ = {
			isa = PBXGroup;
			children = (
				CC3E053F28EF78C300601DD9 /* HNStoryCell.swift */,
				CC3E054528F24A2D00601DD9 /* HNUserCell.swift */,
			);
			path = Cells;
			sourceTree = "<group>";
		};
		CC3E055928F3584200601DD9 /* Helpers */ = {
			isa = PBXGroup;
			children = (
				CC3E055728F3583000601DD9 /* DataProviderInterfaces.swift */,
				CC3E055528F3581000601DD9 /* BaseJsonDataProvider.swift */,
			);
			path = Helpers;
			sourceTree = "<group>";
		};
		CC3E055A28F3585300601DD9 /* Helpers */ = {
			isa = PBXGroup;
			children = (
				CC3E054928F3404800601DD9 /* LoadableStatus.swift */,
			);
			path = Helpers;
			sourceTree = "<group>";
		};
/* End PBXGroup section */

/* Begin PBXNativeTarget section */
		CC3E050D28EF638C00601DD9 /* HackerNewsApp */ = {
			isa = PBXNativeTarget;
			buildConfigurationList = CC3E051C28EF638D00601DD9 /* Build configuration list for PBXNativeTarget "HackerNewsApp" */;
			buildPhases = (
				CC3E050A28EF638C00601DD9 /* Sources */,
				CC3E050B28EF638C00601DD9 /* Frameworks */,
				CC3E050C28EF638C00601DD9 /* Resources */,
			);
			buildRules = (
			);
			dependencies = (
			);
			name = HackerNewsApp;
			productName = HackerNewsApp;
			productReference = CC3E050E28EF638C00601DD9 /* HackerNewsApp.app */;
			productType = "com.apple.product-type.application";
		};
		CC3E052728EF659E00601DD9 /* HackerNewsAppTests */ = {
			isa = PBXNativeTarget;
			buildConfigurationList = CC3E052E28EF659E00601DD9 /* Build configuration list for PBXNativeTarget "HackerNewsAppTests" */;
			buildPhases = (
				CC3E052428EF659E00601DD9 /* Sources */,
				CC3E052528EF659E00601DD9 /* Frameworks */,
				CC3E052628EF659E00601DD9 /* Resources */,
			);
			buildRules = (
			);
			dependencies = (
				CC3E052D28EF659E00601DD9 /* PBXTargetDependency */,
			);
			name = HackerNewsAppTests;
			productName = HackerNewsAppTests;
			productReference = CC3E052828EF659E00601DD9 /* HackerNewsAppTests.xctest */;
			productType = "com.apple.product-type.bundle.unit-test";
		};
/* End PBXNativeTarget section */

/* Begin PBXProject section */
		CC3E050628EF638C00601DD9 /* Project object */ = {
			isa = PBXProject;
			attributes = {
				BuildIndependentTargetsInParallel = 1;
				LastSwiftUpdateCheck = 1320;
				LastUpgradeCheck = 1320;
				TargetAttributes = {
					CC3E050D28EF638C00601DD9 = {
						CreatedOnToolsVersion = 13.2.1;
					};
					CC3E052728EF659E00601DD9 = {
						CreatedOnToolsVersion = 13.2.1;
						TestTargetID = CC3E050D28EF638C00601DD9;
					};
				};
			};
			buildConfigurationList = CC3E050928EF638C00601DD9 /* Build configuration list for PBXProject "HackerNewsApp" */;
			compatibilityVersion = "Xcode 13.0";
			developmentRegion = en;
			hasScannedForEncodings = 0;
			knownRegions = (
				en,
				Base,
			);
			mainGroup = CC3E050528EF638C00601DD9;
			productRefGroup = CC3E050F28EF638C00601DD9 /* Products */;
			projectDirPath = "";
			projectRoot = "";
			targets = (
				CC3E050D28EF638C00601DD9 /* HackerNewsApp */,
				CC3E052728EF659E00601DD9 /* HackerNewsAppTests */,
			);
		};
/* End PBXProject section */

/* Begin PBXResourcesBuildPhase section */
		CC3E050C28EF638C00601DD9 /* Resources */ = {
			isa = PBXResourcesBuildPhase;
			buildActionMask = 2147483647;
			files = (
				CC3E055428F3519200601DD9 /* README in Resources */,
				CC3E051928EF638D00601DD9 /* Preview Assets.xcassets in Resources */,
				CC3E051628EF638D00601DD9 /* Assets.xcassets in Resources */,
			);
			runOnlyForDeploymentPostprocessing = 0;
		};
		CC3E052628EF659E00601DD9 /* Resources */ = {
			isa = PBXResourcesBuildPhase;
			buildActionMask = 2147483647;
			files = (
			);
			runOnlyForDeploymentPostprocessing = 0;
		};
/* End PBXResourcesBuildPhase section */

/* Begin PBXSourcesBuildPhase section */
		CC3E050A28EF638C00601DD9 /* Sources */ = {
			isa = PBXSourcesBuildPhase;
			buildActionMask = 2147483647;
			files = (
				CC3E055828F3583000601DD9 /* DataProviderInterfaces.swift in Sources */,
				CC3E053328EF685900601DD9 /* HNUser.swift in Sources */,
				CC3E054A28F3404800601DD9 /* LoadableStatus.swift in Sources */,
				CC3E051428EF638C00601DD9 /* ContentView.swift in Sources */,
				CC3E053928EF6A2000601DD9 /* MockHNDataProvider.swift in Sources */,
				CC3E054028EF78C300601DD9 /* HNStoryCell.swift in Sources */,
				CC3E052128EF641700601DD9 /* HNItem.swift in Sources */,
				CC3E054C28F343EA00601DD9 /* NewStoriesView.swift in Sources */,
				CC3E053E28EF6F6A00601DD9 /* HNMainViewModel.swift in Sources */,
				CC3E053B28EF6A2B00601DD9 /* HNDataProvider.swift in Sources */,
				CC3E051228EF638C00601DD9 /* HackerNewsAppApp.swift in Sources */,
				CCB0E8D128F73B9B00B549D1 /* WebView.swift in Sources */,
				CC3E054E28F3441700601DD9 /* TopStoriesView.swift in Sources */,
				CC3E054628F24A2D00601DD9 /* HNUserCell.swift in Sources */,
				CC3E054828F252CA00601DD9 /* UsersView.swift in Sources */,
				CC3E054428EF7D9200601DD9 /* HNRowViewModel.swift in Sources */,
				CC3E055628F3581000601DD9 /* BaseJsonDataProvider.swift in Sources */,
			);
			runOnlyForDeploymentPostprocessing = 0;
		};
		CC3E052428EF659E00601DD9 /* Sources */ = {
			isa = PBXSourcesBuildPhase;
			buildActionMask = 2147483647;
			files = (
				CCB0E8B228F7022E00B549D1 /* HNUserTests.swift in Sources */,
				CC3E055028F3446900601DD9 /* HNDataProviderTests.swift in Sources */,
				CCB0E8B028F7022600B549D1 /* HNItemTests.swift in Sources */,
			);
			runOnlyForDeploymentPostprocessing = 0;
		};
/* End PBXSourcesBuildPhase section */

/* Begin PBXTargetDependency section */
		CC3E052D28EF659E00601DD9 /* PBXTargetDependency */ = {
			isa = PBXTargetDependency;
			target = CC3E050D28EF638C00601DD9 /* HackerNewsApp */;
			targetProxy = CC3E052C28EF659E00601DD9 /* PBXContainerItemProxy */;
		};
/* End PBXTargetDependency section */

/* Begin XCBuildConfiguration section */
		CC3E051A28EF638D00601DD9 /* Debug */ = {
			isa = XCBuildConfiguration;
			buildSettings = {
				ALWAYS_SEARCH_USER_PATHS = NO;
				CLANG_ANALYZER_NONNULL = YES;
				CLANG_ANALYZER_NUMBER_OBJECT_CONVERSION = YES_AGGRESSIVE;
				CLANG_CXX_LANGUAGE_STANDARD = "gnu++17";
				CLANG_CXX_LIBRARY = "libc++";
				CLANG_ENABLE_MODULES = YES;
				CLANG_ENABLE_OBJC_ARC = YES;
				CLANG_ENABLE_OBJC_WEAK = YES;
				CLANG_WARN_BLOCK_CAPTURE_AUTORELEASING = YES;
				CLANG_WARN_BOOL_CONVERSION = YES;
				CLANG_WARN_COMMA = YES;
				CLANG_WARN_CONSTANT_CONVERSION = YES;
				CLANG_WARN_DEPRECATED_OBJC_IMPLEMENTATIONS = YES;
				CLANG_WARN_DIRECT_OBJC_ISA_USAGE = YES_ERROR;
				CLANG_WARN_DOCUMENTATION_COMMENTS = YES;
				CLANG_WARN_EMPTY_BODY = YES;
				CLANG_WARN_ENUM_CONVERSION = YES;
				CLANG_WARN_INFINITE_RECURSION = YES;
				CLANG_WARN_INT_CONVERSION = YES;
				CLANG_WARN_NON_LITERAL_NULL_CONVERSION = YES;
				CLANG_WARN_OBJC_IMPLICIT_RETAIN_SELF = YES;
				CLANG_WARN_OBJC_LITERAL_CONVERSION = YES;
				CLANG_WARN_OBJC_ROOT_CLASS = YES_ERROR;
				CLANG_WARN_QUOTED_INCLUDE_IN_FRAMEWORK_HEADER = YES;
				CLANG_WARN_RANGE_LOOP_ANALYSIS = YES;
				CLANG_WARN_STRICT_PROTOTYPES = YES;
				CLANG_WARN_SUSPICIOUS_MOVE = YES;
				CLANG_WARN_UNGUARDED_AVAILABILITY = YES_AGGRESSIVE;
				CLANG_WARN_UNREACHABLE_CODE = YES;
				CLANG_WARN__DUPLICATE_METHOD_MATCH = YES;
				COPY_PHASE_STRIP = NO;
				DEBUG_INFORMATION_FORMAT = dwarf;
				ENABLE_STRICT_OBJC_MSGSEND = YES;
				ENABLE_TESTABILITY = YES;
				GCC_C_LANGUAGE_STANDARD = gnu11;
				GCC_DYNAMIC_NO_PIC = NO;
				GCC_NO_COMMON_BLOCKS = YES;
				GCC_OPTIMIZATION_LEVEL = 0;
				GCC_PREPROCESSOR_DEFINITIONS = (
					"DEBUG=1",
					"$(inherited)",
				);
				GCC_WARN_64_TO_32_BIT_CONVERSION = YES;
				GCC_WARN_ABOUT_RETURN_TYPE = YES_ERROR;
				GCC_WARN_UNDECLARED_SELECTOR = YES;
				GCC_WARN_UNINITIALIZED_AUTOS = YES_AGGRESSIVE;
				GCC_WARN_UNUSED_FUNCTION = YES;
				GCC_WARN_UNUSED_VARIABLE = YES;
				IPHONEOS_DEPLOYMENT_TARGET = 15.2;
				MTL_ENABLE_DEBUG_INFO = INCLUDE_SOURCE;
				MTL_FAST_MATH = YES;
				ONLY_ACTIVE_ARCH = YES;
				SDKROOT = iphoneos;
				SWIFT_ACTIVE_COMPILATION_CONDITIONS = DEBUG;
				SWIFT_OPTIMIZATION_LEVEL = "-Onone";
			};
			name = Debug;
		};
		CC3E051B28EF638D00601DD9 /* Release */ = {
			isa = XCBuildConfiguration;
			buildSettings = {
				ALWAYS_SEARCH_USER_PATHS = NO;
				CLANG_ANALYZER_NONNULL = YES;
				CLANG_ANALYZER_NUMBER_OBJECT_CONVERSION = YES_AGGRESSIVE;
				CLANG_CXX_LANGUAGE_STANDARD = "gnu++17";
				CLANG_CXX_LIBRARY = "libc++";
				CLANG_ENABLE_MODULES = YES;
				CLANG_ENABLE_OBJC_ARC = YES;
				CLANG_ENABLE_OBJC_WEAK = YES;
				CLANG_WARN_BLOCK_CAPTURE_AUTORELEASING = YES;
				CLANG_WARN_BOOL_CONVERSION = YES;
				CLANG_WARN_COMMA = YES;
				CLANG_WARN_CONSTANT_CONVERSION = YES;
				CLANG_WARN_DEPRECATED_OBJC_IMPLEMENTATIONS = YES;
				CLANG_WARN_DIRECT_OBJC_ISA_USAGE = YES_ERROR;
				CLANG_WARN_DOCUMENTATION_COMMENTS = YES;
				CLANG_WARN_EMPTY_BODY = YES;
				CLANG_WARN_ENUM_CONVERSION = YES;
				CLANG_WARN_INFINITE_RECURSION = YES;
				CLANG_WARN_INT_CONVERSION = YES;
				CLANG_WARN_NON_LITERAL_NULL_CONVERSION = YES;
				CLANG_WARN_OBJC_IMPLICIT_RETAIN_SELF = YES;
				CLANG_WARN_OBJC_LITERAL_CONVERSION = YES;
				CLANG_WARN_OBJC_ROOT_CLASS = YES_ERROR;
				CLANG_WARN_QUOTED_INCLUDE_IN_FRAMEWORK_HEADER = YES;
				CLANG_WARN_RANGE_LOOP_ANALYSIS = YES;
				CLANG_WARN_STRICT_PROTOTYPES = YES;
				CLANG_WARN_SUSPICIOUS_MOVE = YES;
				CLANG_WARN_UNGUARDED_AVAILABILITY = YES_AGGRESSIVE;
				CLANG_WARN_UNREACHABLE_CODE = YES;
				CLANG_WARN__DUPLICATE_METHOD_MATCH = YES;
				COPY_PHASE_STRIP = NO;
				DEBUG_INFORMATION_FORMAT = "dwarf-with-dsym";
				ENABLE_NS_ASSERTIONS = NO;
				ENABLE_STRICT_OBJC_MSGSEND = YES;
				GCC_C_LANGUAGE_STANDARD = gnu11;
				GCC_NO_COMMON_BLOCKS = YES;
				GCC_WARN_64_TO_32_BIT_CONVERSION = YES;
				GCC_WARN_ABOUT_RETURN_TYPE = YES_ERROR;
				GCC_WARN_UNDECLARED_SELECTOR = YES;
				GCC_WARN_UNINITIALIZED_AUTOS = YES_AGGRESSIVE;
				GCC_WARN_UNUSED_FUNCTION = YES;
				GCC_WARN_UNUSED_VARIABLE = YES;
				IPHONEOS_DEPLOYMENT_TARGET = 15.2;
				MTL_ENABLE_DEBUG_INFO = NO;
				MTL_FAST_MATH = YES;
				SDKROOT = iphoneos;
				SWIFT_COMPILATION_MODE = wholemodule;
				SWIFT_OPTIMIZATION_LEVEL = "-O";
				VALIDATE_PRODUCT = YES;
			};
			name = Release;
		};
		CC3E051D28EF638D00601DD9 /* Debug */ = {
			isa = XCBuildConfiguration;
			buildSettings = {
				ASSETCATALOG_COMPILER_APPICON_NAME = AppIcon;
				ASSETCATALOG_COMPILER_GLOBAL_ACCENT_COLOR_NAME = AccentColor;
				CODE_SIGN_STYLE = Automatic;
				CURRENT_PROJECT_VERSION = 1;
				DEVELOPMENT_ASSET_PATHS = "\"HackerNewsApp/Preview Content\"";
				DEVELOPMENT_TEAM = Z7TKNK6E42;
				ENABLE_PREVIEWS = YES;
				GENERATE_INFOPLIST_FILE = YES;
				INFOPLIST_KEY_UIApplicationSceneManifest_Generation = YES;
				INFOPLIST_KEY_UIApplicationSupportsIndirectInputEvents = YES;
				INFOPLIST_KEY_UILaunchScreen_Generation = YES;
				INFOPLIST_KEY_UISupportedInterfaceOrientations_iPad = "UIInterfaceOrientationPortrait UIInterfaceOrientationPortraitUpsideDown UIInterfaceOrientationLandscapeLeft UIInterfaceOrientationLandscapeRight";
				INFOPLIST_KEY_UISupportedInterfaceOrientations_iPhone = "UIInterfaceOrientationPortrait UIInterfaceOrientationLandscapeLeft UIInterfaceOrientationLandscapeRight";
				IPHONEOS_DEPLOYMENT_TARGET = 15.0;
				LD_RUNPATH_SEARCH_PATHS = (
					"$(inherited)",
					"@executable_path/Frameworks",
				);
				MARKETING_VERSION = 1.0;
				PRODUCT_BUNDLE_IDENTIFIER = com.desugaring.HackerNewsApp;
				PRODUCT_NAME = "$(TARGET_NAME)";
				SWIFT_EMIT_LOC_STRINGS = YES;
				SWIFT_VERSION = 5.0;
				TARGETED_DEVICE_FAMILY = "1,2";
			};
			name = Debug;
		};
		CC3E051E28EF638D00601DD9 /* Release */ = {
			isa = XCBuildConfiguration;
			buildSettings = {
				ASSETCATALOG_COMPILER_APPICON_NAME = AppIcon;
				ASSETCATALOG_COMPILER_GLOBAL_ACCENT_COLOR_NAME = AccentColor;
				CODE_SIGN_STYLE = Automatic;
				CURRENT_PROJECT_VERSION = 1;
				DEVELOPMENT_ASSET_PATHS = "\"HackerNewsApp/Preview Content\"";
				DEVELOPMENT_TEAM = Z7TKNK6E42;
				ENABLE_PREVIEWS = YES;
				GENERATE_INFOPLIST_FILE = YES;
				INFOPLIST_KEY_UIApplicationSceneManifest_Generation = YES;
				INFOPLIST_KEY_UIApplicationSupportsIndirectInputEvents = YES;
				INFOPLIST_KEY_UILaunchScreen_Generation = YES;
				INFOPLIST_KEY_UISupportedInterfaceOrientations_iPad = "UIInterfaceOrientationPortrait UIInterfaceOrientationPortraitUpsideDown UIInterfaceOrientationLandscapeLeft UIInterfaceOrientationLandscapeRight";
				INFOPLIST_KEY_UISupportedInterfaceOrientations_iPhone = "UIInterfaceOrientationPortrait UIInterfaceOrientationLandscapeLeft UIInterfaceOrientationLandscapeRight";
				IPHONEOS_DEPLOYMENT_TARGET = 15.0;
				LD_RUNPATH_SEARCH_PATHS = (
					"$(inherited)",
					"@executable_path/Frameworks",
				);
				MARKETING_VERSION = 1.0;
				PRODUCT_BUNDLE_IDENTIFIER = com.desugaring.HackerNewsApp;
				PRODUCT_NAME = "$(TARGET_NAME)";
				SWIFT_EMIT_LOC_STRINGS = YES;
				SWIFT_VERSION = 5.0;
				TARGETED_DEVICE_FAMILY = "1,2";
			};
			name = Release;
		};
		CC3E052F28EF659E00601DD9 /* Debug */ = {
			isa = XCBuildConfiguration;
			buildSettings = {
				BUNDLE_LOADER = "$(TEST_HOST)";
				CODE_SIGN_STYLE = Automatic;
				CURRENT_PROJECT_VERSION = 1;
				DEVELOPMENT_TEAM = Z7TKNK6E42;
				GENERATE_INFOPLIST_FILE = YES;
				MARKETING_VERSION = 1.0;
				PRODUCT_BUNDLE_IDENTIFIER = com.desugaring.HackerNewsAppTests;
				PRODUCT_NAME = "$(TARGET_NAME)";
				SWIFT_EMIT_LOC_STRINGS = NO;
				SWIFT_VERSION = 5.0;
				TARGETED_DEVICE_FAMILY = "1,2";
				TEST_HOST = "$(BUILT_PRODUCTS_DIR)/HackerNewsApp.app/HackerNewsApp";
			};
			name = Debug;
		};
		CC3E053028EF659E00601DD9 /* Release */ = {
			isa = XCBuildConfiguration;
			buildSettings = {
				BUNDLE_LOADER = "$(TEST_HOST)";
				CODE_SIGN_STYLE = Automatic;
				CURRENT_PROJECT_VERSION = 1;
				DEVELOPMENT_TEAM = Z7TKNK6E42;
				GENERATE_INFOPLIST_FILE = YES;
				MARKETING_VERSION = 1.0;
				PRODUCT_BUNDLE_IDENTIFIER = com.desugaring.HackerNewsAppTests;
				PRODUCT_NAME = "$(TARGET_NAME)";
				SWIFT_EMIT_LOC_STRINGS = NO;
				SWIFT_VERSION = 5.0;
				TARGETED_DEVICE_FAMILY = "1,2";
				TEST_HOST = "$(BUILT_PRODUCTS_DIR)/HackerNewsApp.app/HackerNewsApp";
			};
			name = Release;
		};
/* End XCBuildConfiguration section */

/* Begin XCConfigurationList section */
		CC3E050928EF638C00601DD9 /* Build configuration list for PBXProject "HackerNewsApp" */ = {
			isa = XCConfigurationList;
			buildConfigurations = (
				CC3E051A28EF638D00601DD9 /* Debug */,
				CC3E051B28EF638D00601DD9 /* Release */,
			);
			defaultConfigurationIsVisible = 0;
			defaultConfigurationName = Release;
		};
		CC3E051C28EF638D00601DD9 /* Build configuration list for PBXNativeTarget "HackerNewsApp" */ = {
			isa = XCConfigurationList;
			buildConfigurations = (
				CC3E051D28EF638D00601DD9 /* Debug */,
				CC3E051E28EF638D00601DD9 /* Release */,
			);
			defaultConfigurationIsVisible = 0;
			defaultConfigurationName = Release;
		};
		CC3E052E28EF659E00601DD9 /* Build configuration list for PBXNativeTarget "HackerNewsAppTests" */ = {
			isa = XCConfigurationList;
			buildConfigurations = (
				CC3E052F28EF659E00601DD9 /* Debug */,
				CC3E053028EF659E00601DD9 /* Release */,
			);
			defaultConfigurationIsVisible = 0;
			defaultConfigurationName = Release;
		};
/* End XCConfigurationList section */
	};
	rootObject = CC3E050628EF638C00601DD9 /* Project object */;
}
